
Microsoft Visual Studio Solution File, Format Version 12.00
# Visual Studio Version 16
VisualStudioVersion = 16.0.32901.82
MinimumVisualStudioVersion = 10.0.40219.1
Project("{FAE04EC0-301F-11D3-BF4B-00C04F79EFBC}") = "CODETEST", "CODETEST\CODETEST.csproj", "{FFC8FA83-813E-4DE6-A1AC-B4C0192566CA}"
EndProject
Global
	GlobalSection(SolutionConfigurationPlatforms) = preSolution
		Debug|Any CPU = Debug|Any CPU
		Release|Any CPU = Release|Any CPU
	EndGlobalSection
	GlobalSection(ProjectConfigurationPlatforms) = postSolution
		{FFC8FA83-813E-4DE6-A1AC-B4C0192566CA}.Debug|Any CPU.ActiveCfg = Debug|Any CPU
		{FFC8FA83-813E-4DE6-A1AC-B4C0192566CA}.Debug|Any CPU.Build.0 = Debug|Any CPU
		{FFC8FA83-813E-4DE6-A1AC-B4C0192566CA}.Release|Any CPU.ActiveCfg = Release|Any CPU
		{FFC8FA83-813E-4DE6-A1AC-B4C0192566CA}.Release|Any CPU.Build.0 = Release|Any CPU
	EndGlobalSection
	GlobalSection(SolutionProperties) = preSolution
		HideSolutionNode = FALSE
	EndGlobalSection
	GlobalSection(ExtensibilityGlobals) = postSolution
		SolutionGuid = {BD9B1A42-19CD-4360-8CA2-7A74A084707F}
	EndGlobalSection
EndGlobal
