
Microsoft Visual Studio Solution File, Format Version 12.00
# Visual Studio Version 16
VisualStudioVersion = 16.0.32901.82
MinimumVisualStudioVersion = 10.0.40219.1
Project("{FAE04EC0-301F-11D3-BF4B-00C04F79EFBC}") = "program5", "program5\program5.csproj", "{CC77D72B-F162-4DCE-8423-200EECADA4C0}"
EndProject
Global
	GlobalSection(SolutionConfigurationPlatforms) = preSolution
		Debug|Any CPU = Debug|Any CPU
		Release|Any CPU = Release|Any CPU
	EndGlobalSection
	GlobalSection(ProjectConfigurationPlatforms) = postSolution
		{CC77D72B-F162-4DCE-8423-200EECADA4C0}.Debug|Any CPU.ActiveCfg = Debug|Any CPU
		{CC77D72B-F162-4DCE-8423-200EECADA4C0}.Debug|Any CPU.Build.0 = Debug|Any CPU
		{CC77D72B-F162-4DCE-8423-200EECADA4C0}.Release|Any CPU.ActiveCfg = Release|Any CPU
		{CC77D72B-F162-4DCE-8423-200EECADA4C0}.Release|Any CPU.Build.0 = Release|Any CPU
	EndGlobalSection
	GlobalSection(SolutionProperties) = preSolution
		HideSolutionNode = FALSE
	EndGlobalSection
	GlobalSection(ExtensibilityGlobals) = postSolution
		SolutionGuid = {A737F96D-1874-43BE-92B9-4E332AB7A39A}
	EndGlobalSection
EndGlobal
