
Microsoft Visual Studio Solution File, Format Version 12.00
# Visual Studio Version 16
VisualStudioVersion = 16.0.32901.82
MinimumVisualStudioVersion = 10.0.40219.1
Project("{FAE04EC0-301F-11D3-BF4B-00C04F79EFBC}") = "ASSIGNMENT_4_6_", "ASSIGNMENT_4_6_\ASSIGNMENT_4_6_.csproj", "{02662DE3-A650-4D6E-AEB5-F4E49F795AD2}"
EndProject
Global
	GlobalSection(SolutionConfigurationPlatforms) = preSolution
		Debug|Any CPU = Debug|Any CPU
		Release|Any CPU = Release|Any CPU
	EndGlobalSection
	GlobalSection(ProjectConfigurationPlatforms) = postSolution
		{02662DE3-A650-4D6E-AEB5-F4E49F795AD2}.Debug|Any CPU.ActiveCfg = Debug|Any CPU
		{02662DE3-A650-4D6E-AEB5-F4E49F795AD2}.Debug|Any CPU.Build.0 = Debug|Any CPU
		{02662DE3-A650-4D6E-AEB5-F4E49F795AD2}.Release|Any CPU.ActiveCfg = Release|Any CPU
		{02662DE3-A650-4D6E-AEB5-F4E49F795AD2}.Release|Any CPU.Build.0 = Release|Any CPU
	EndGlobalSection
	GlobalSection(SolutionProperties) = preSolution
		HideSolutionNode = FALSE
	EndGlobalSection
	GlobalSection(ExtensibilityGlobals) = postSolution
		SolutionGuid = {C4463F4F-D3F9-44F3-98F3-E446B42191F9}
	EndGlobalSection
EndGlobal
