
Microsoft Visual Studio Solution File, Format Version 12.00
# Visual Studio Version 16
VisualStudioVersion = 16.0.32901.82
MinimumVisualStudioVersion = 10.0.40219.1
Project("{FAE04EC0-301F-11D3-BF4B-00C04F79EFBC}") = "program3", "program3\program3.csproj", "{74CD6A91-C76E-4C72-AA60-31383E7F6183}"
EndProject
Global
	GlobalSection(SolutionConfigurationPlatforms) = preSolution
		Debug|Any CPU = Debug|Any CPU
		Release|Any CPU = Release|Any CPU
	EndGlobalSection
	GlobalSection(ProjectConfigurationPlatforms) = postSolution
		{74CD6A91-C76E-4C72-AA60-31383E7F6183}.Debug|Any CPU.ActiveCfg = Debug|Any CPU
		{74CD6A91-C76E-4C72-AA60-31383E7F6183}.Debug|Any CPU.Build.0 = Debug|Any CPU
		{74CD6A91-C76E-4C72-AA60-31383E7F6183}.Release|Any CPU.ActiveCfg = Release|Any CPU
		{74CD6A91-C76E-4C72-AA60-31383E7F6183}.Release|Any CPU.Build.0 = Release|Any CPU
	EndGlobalSection
	GlobalSection(SolutionProperties) = preSolution
		HideSolutionNode = FALSE
	EndGlobalSection
	GlobalSection(ExtensibilityGlobals) = postSolution
		SolutionGuid = {57E6936B-C59A-4DF7-8188-CCF86D78F549}
	EndGlobalSection
EndGlobal
