
Microsoft Visual Studio Solution File, Format Version 12.00
# Visual Studio Version 16
VisualStudioVersion = 16.0.32901.82
MinimumVisualStudioVersion = 10.0.40219.1
Project("{FAE04EC0-301F-11D3-BF4B-00C04F79EFBC}") = "ASSIGNMENT_4_1", "ASSIGNMENT_4_1\ASSIGNMENT_4_1.csproj", "{F7A42B62-83BB-4047-A4FE-6EECE83162EF}"
EndProject
Global
	GlobalSection(SolutionConfigurationPlatforms) = preSolution
		Debug|Any CPU = Debug|Any CPU
		Release|Any CPU = Release|Any CPU
	EndGlobalSection
	GlobalSection(ProjectConfigurationPlatforms) = postSolution
		{F7A42B62-83BB-4047-A4FE-6EECE83162EF}.Debug|Any CPU.ActiveCfg = Debug|Any CPU
		{F7A42B62-83BB-4047-A4FE-6EECE83162EF}.Debug|Any CPU.Build.0 = Debug|Any CPU
		{F7A42B62-83BB-4047-A4FE-6EECE83162EF}.Release|Any CPU.ActiveCfg = Release|Any CPU
		{F7A42B62-83BB-4047-A4FE-6EECE83162EF}.Release|Any CPU.Build.0 = Release|Any CPU
	EndGlobalSection
	GlobalSection(SolutionProperties) = preSolution
		HideSolutionNode = FALSE
	EndGlobalSection
	GlobalSection(ExtensibilityGlobals) = postSolution
		SolutionGuid = {42EC7635-5DA9-4D2F-B1DE-A827E8C3B8B5}
	EndGlobalSection
EndGlobal
