
Microsoft Visual Studio Solution File, Format Version 12.00
# Visual Studio Version 16
VisualStudioVersion = 16.0.32901.82
MinimumVisualStudioVersion = 10.0.40219.1
Project("{FAE04EC0-301F-11D3-BF4B-00C04F79EFBC}") = "Assign2(1-a)", "Assign2(1-a)\Assign2(1-a).csproj", "{6321AC06-C7D4-42B5-B42F-F6AE31C3D5EC}"
EndProject
Global
	GlobalSection(SolutionConfigurationPlatforms) = preSolution
		Debug|Any CPU = Debug|Any CPU
		Release|Any CPU = Release|Any CPU
	EndGlobalSection
	GlobalSection(ProjectConfigurationPlatforms) = postSolution
		{6321AC06-C7D4-42B5-B42F-F6AE31C3D5EC}.Debug|Any CPU.ActiveCfg = Debug|Any CPU
		{6321AC06-C7D4-42B5-B42F-F6AE31C3D5EC}.Debug|Any CPU.Build.0 = Debug|Any CPU
		{6321AC06-C7D4-42B5-B42F-F6AE31C3D5EC}.Release|Any CPU.ActiveCfg = Release|Any CPU
		{6321AC06-C7D4-42B5-B42F-F6AE31C3D5EC}.Release|Any CPU.Build.0 = Release|Any CPU
	EndGlobalSection
	GlobalSection(SolutionProperties) = preSolution
		HideSolutionNode = FALSE
	EndGlobalSection
	GlobalSection(ExtensibilityGlobals) = postSolution
		SolutionGuid = {20C76FB2-235D-4150-9BB7-0C2753F981F0}
	EndGlobalSection
EndGlobal
