
Microsoft Visual Studio Solution File, Format Version 12.00
# Visual Studio Version 16
VisualStudioVersion = 16.0.32901.82
MinimumVisualStudioVersion = 10.0.40219.1
Project("{FAE04EC0-301F-11D3-BF4B-00C04F79EFBC}") = "ASSIGNMENT_7_1_", "ASSIGNMENT_7_1_\ASSIGNMENT_7_1_.csproj", "{F334AFC7-A96C-4D60-B3F3-D9FA00FEB725}"
EndProject
Global
	GlobalSection(SolutionConfigurationPlatforms) = preSolution
		Debug|Any CPU = Debug|Any CPU
		Release|Any CPU = Release|Any CPU
	EndGlobalSection
	GlobalSection(ProjectConfigurationPlatforms) = postSolution
		{F334AFC7-A96C-4D60-B3F3-D9FA00FEB725}.Debug|Any CPU.ActiveCfg = Debug|Any CPU
		{F334AFC7-A96C-4D60-B3F3-D9FA00FEB725}.Debug|Any CPU.Build.0 = Debug|Any CPU
		{F334AFC7-A96C-4D60-B3F3-D9FA00FEB725}.Release|Any CPU.ActiveCfg = Release|Any CPU
		{F334AFC7-A96C-4D60-B3F3-D9FA00FEB725}.Release|Any CPU.Build.0 = Release|Any CPU
	EndGlobalSection
	GlobalSection(SolutionProperties) = preSolution
		HideSolutionNode = FALSE
	EndGlobalSection
	GlobalSection(ExtensibilityGlobals) = postSolution
		SolutionGuid = {B7793CD8-B911-4FA8-A9CB-508D26D4638D}
	EndGlobalSection
EndGlobal
