
Microsoft Visual Studio Solution File, Format Version 12.00
# Visual Studio Version 16
VisualStudioVersion = 16.0.32901.82
MinimumVisualStudioVersion = 10.0.40219.1
Project("{FAE04EC0-301F-11D3-BF4B-00C04F79EFBC}") = "ASSIGNMENT_4_5_", "ASSIGNMENT_4_5_\ASSIGNMENT_4_5_.csproj", "{BFD7060B-0ABC-4FBC-92F7-B66450D16849}"
EndProject
Global
	GlobalSection(SolutionConfigurationPlatforms) = preSolution
		Debug|Any CPU = Debug|Any CPU
		Release|Any CPU = Release|Any CPU
	EndGlobalSection
	GlobalSection(ProjectConfigurationPlatforms) = postSolution
		{BFD7060B-0ABC-4FBC-92F7-B66450D16849}.Debug|Any CPU.ActiveCfg = Debug|Any CPU
		{BFD7060B-0ABC-4FBC-92F7-B66450D16849}.Debug|Any CPU.Build.0 = Debug|Any CPU
		{BFD7060B-0ABC-4FBC-92F7-B66450D16849}.Release|Any CPU.ActiveCfg = Release|Any CPU
		{BFD7060B-0ABC-4FBC-92F7-B66450D16849}.Release|Any CPU.Build.0 = Release|Any CPU
	EndGlobalSection
	GlobalSection(SolutionProperties) = preSolution
		HideSolutionNode = FALSE
	EndGlobalSection
	GlobalSection(ExtensibilityGlobals) = postSolution
		SolutionGuid = {1AB8EFEE-7461-48AE-9E98-7BDD5B3C9FD2}
	EndGlobalSection
EndGlobal
