
Microsoft Visual Studio Solution File, Format Version 12.00
# Visual Studio Version 16
VisualStudioVersion = 16.0.32901.82
MinimumVisualStudioVersion = 10.0.40219.1
Project("{FAE04EC0-301F-11D3-BF4B-00C04F79EFBC}") = "ASSIGNMENT2(3-A)", "ASSIGNMENT2(3-A)\ASSIGNMENT2(3-A).csproj", "{39F7A287-EA92-4EFD-B299-95A61E863A0B}"
EndProject
Global
	GlobalSection(SolutionConfigurationPlatforms) = preSolution
		Debug|Any CPU = Debug|Any CPU
		Release|Any CPU = Release|Any CPU
	EndGlobalSection
	GlobalSection(ProjectConfigurationPlatforms) = postSolution
		{39F7A287-EA92-4EFD-B299-95A61E863A0B}.Debug|Any CPU.ActiveCfg = Debug|Any CPU
		{39F7A287-EA92-4EFD-B299-95A61E863A0B}.Debug|Any CPU.Build.0 = Debug|Any CPU
		{39F7A287-EA92-4EFD-B299-95A61E863A0B}.Release|Any CPU.ActiveCfg = Release|Any CPU
		{39F7A287-EA92-4EFD-B299-95A61E863A0B}.Release|Any CPU.Build.0 = Release|Any CPU
	EndGlobalSection
	GlobalSection(SolutionProperties) = preSolution
		HideSolutionNode = FALSE
	EndGlobalSection
	GlobalSection(ExtensibilityGlobals) = postSolution
		SolutionGuid = {26D89911-51B1-4E94-B9CD-345C3BBB0713}
	EndGlobalSection
EndGlobal
