
Microsoft Visual Studio Solution File, Format Version 12.00
# Visual Studio Version 16
VisualStudioVersion = 16.0.32901.82
MinimumVisualStudioVersion = 10.0.40219.1
Project("{FAE04EC0-301F-11D3-BF4B-00C04F79EFBC}") = "ASSIGNMENT2(1-B)", "ASSIGNMENT2(1-B)\ASSIGNMENT2(1-B).csproj", "{2326CCA4-4730-488D-BFB9-9BD06B67E2E6}"
EndProject
Global
	GlobalSection(SolutionConfigurationPlatforms) = preSolution
		Debug|Any CPU = Debug|Any CPU
		Release|Any CPU = Release|Any CPU
	EndGlobalSection
	GlobalSection(ProjectConfigurationPlatforms) = postSolution
		{2326CCA4-4730-488D-BFB9-9BD06B67E2E6}.Debug|Any CPU.ActiveCfg = Debug|Any CPU
		{2326CCA4-4730-488D-BFB9-9BD06B67E2E6}.Debug|Any CPU.Build.0 = Debug|Any CPU
		{2326CCA4-4730-488D-BFB9-9BD06B67E2E6}.Release|Any CPU.ActiveCfg = Release|Any CPU
		{2326CCA4-4730-488D-BFB9-9BD06B67E2E6}.Release|Any CPU.Build.0 = Release|Any CPU
	EndGlobalSection
	GlobalSection(SolutionProperties) = preSolution
		HideSolutionNode = FALSE
	EndGlobalSection
	GlobalSection(ExtensibilityGlobals) = postSolution
		SolutionGuid = {166610D4-5BFD-4BE6-A9A4-09D2089FDE07}
	EndGlobalSection
EndGlobal
