
Microsoft Visual Studio Solution File, Format Version 12.00
# Visual Studio Version 16
VisualStudioVersion = 16.0.32901.82
MinimumVisualStudioVersion = 10.0.40219.1
Project("{FAE04EC0-301F-11D3-BF4B-00C04F79EFBC}") = "ASSIGNMENT_7_2", "ASSIGNMENT_7_2\ASSIGNMENT_7_2.csproj", "{A58EDF37-F281-4831-9926-BDABC7176763}"
EndProject
Global
	GlobalSection(SolutionConfigurationPlatforms) = preSolution
		Debug|Any CPU = Debug|Any CPU
		Release|Any CPU = Release|Any CPU
	EndGlobalSection
	GlobalSection(ProjectConfigurationPlatforms) = postSolution
		{A58EDF37-F281-4831-9926-BDABC7176763}.Debug|Any CPU.ActiveCfg = Debug|Any CPU
		{A58EDF37-F281-4831-9926-BDABC7176763}.Debug|Any CPU.Build.0 = Debug|Any CPU
		{A58EDF37-F281-4831-9926-BDABC7176763}.Release|Any CPU.ActiveCfg = Release|Any CPU
		{A58EDF37-F281-4831-9926-BDABC7176763}.Release|Any CPU.Build.0 = Release|Any CPU
	EndGlobalSection
	GlobalSection(SolutionProperties) = preSolution
		HideSolutionNode = FALSE
	EndGlobalSection
	GlobalSection(ExtensibilityGlobals) = postSolution
		SolutionGuid = {4B4A285C-52C8-4FB0-B769-0673C2592790}
	EndGlobalSection
EndGlobal
