
Microsoft Visual Studio Solution File, Format Version 12.00
# Visual Studio Version 16
VisualStudioVersion = 16.0.32901.82
MinimumVisualStudioVersion = 10.0.40219.1
Project("{FAE04EC0-301F-11D3-BF4B-00C04F79EFBC}") = "ASSIGNMENT_6_4", "ASSIGNMENT_6_4\ASSIGNMENT_6_4.csproj", "{80951D76-2DC1-4A48-83E4-499444BDC655}"
EndProject
Global
	GlobalSection(SolutionConfigurationPlatforms) = preSolution
		Debug|Any CPU = Debug|Any CPU
		Release|Any CPU = Release|Any CPU
	EndGlobalSection
	GlobalSection(ProjectConfigurationPlatforms) = postSolution
		{80951D76-2DC1-4A48-83E4-499444BDC655}.Debug|Any CPU.ActiveCfg = Debug|Any CPU
		{80951D76-2DC1-4A48-83E4-499444BDC655}.Debug|Any CPU.Build.0 = Debug|Any CPU
		{80951D76-2DC1-4A48-83E4-499444BDC655}.Release|Any CPU.ActiveCfg = Release|Any CPU
		{80951D76-2DC1-4A48-83E4-499444BDC655}.Release|Any CPU.Build.0 = Release|Any CPU
	EndGlobalSection
	GlobalSection(SolutionProperties) = preSolution
		HideSolutionNode = FALSE
	EndGlobalSection
	GlobalSection(ExtensibilityGlobals) = postSolution
		SolutionGuid = {F187B969-049A-4637-BCA6-21F91563E54D}
	EndGlobalSection
EndGlobal
